
Microsoft Visual Studio Solution File, Format Version 12.00
# Visual Studio Version 17
VisualStudioVersion = 17.3.32825.248
MinimumVisualStudioVersion = 10.0.40219.1
Project("{FAE04EC0-301F-11D3-BF4B-00C04F79EFBC}") = "Exec_Factorial", "Exec_Factorial\Exec_Factorial.csproj", "{4D35A2E0-DBEF-49F4-8B7B-E63B72FB2A4A}"
EndProject
Global
	GlobalSection(SolutionConfigurationPlatforms) = preSolution
		Debug|Any CPU = Debug|Any CPU
		Release|Any CPU = Release|Any CPU
	EndGlobalSection
	GlobalSection(ProjectConfigurationPlatforms) = postSolution
		{4D35A2E0-DBEF-49F4-8B7B-E63B72FB2A4A}.Debug|Any CPU.ActiveCfg = Debug|Any CPU
		{4D35A2E0-DBEF-49F4-8B7B-E63B72FB2A4A}.Debug|Any CPU.Build.0 = Debug|Any CPU
		{4D35A2E0-DBEF-49F4-8B7B-E63B72FB2A4A}.Release|Any CPU.ActiveCfg = Release|Any CPU
		{4D35A2E0-DBEF-49F4-8B7B-E63B72FB2A4A}.Release|Any CPU.Build.0 = Release|Any CPU
	EndGlobalSection
	GlobalSection(SolutionProperties) = preSolution
		HideSolutionNode = FALSE
	EndGlobalSection
	GlobalSection(ExtensibilityGlobals) = postSolution
		SolutionGuid = {8604E0D6-9FCB-4404-BE92-05D1C9436F70}
	EndGlobalSection
EndGlobal
